
Microsoft Visual Studio Solution File, Format Version 12.00
# Visual Studio Version 17
VisualStudioVersion = 17.0.31919.166
MinimumVisualStudioVersion = 10.0.40219.1
Project("{9A19103F-16F7-4668-BE54-9A1E7A4F7556}") = "Bug-Tracker", "Bug-Tracker\Bug-Tracker.csproj", "{18DFC935-9DE5-4DF2-8BF7-FD0129D82D23}"
EndProject
Project("{00D1A9C2-B5F0-4AF3-8072-F6C62B433612}") = "BugTrackerDB", "BugTrackerDB\BugTrackerDB.sqlproj", "{4BE078D8-56CC-46E8-A912-98D7774DB5BE}"
EndProject
Project("{2150E333-8FDC-42A3-9474-1A3956D46DE8}") = "Solution Items", "Solution Items", "{95F27BA3-88EA-48B9-B135-F3AEBC586C21}"
	ProjectSection(SolutionItems) = preProject
		.editorconfig = .editorconfig
	EndProjectSection
EndProject
Project("{9A19103F-16F7-4668-BE54-9A1E7A4F7556}") = "DataAccess", "DataAccess\DataAccess.csproj", "{A7A36E91-C82E-4669-B7AF-CF8E945049B2}"
EndProject
Project("{FAE04EC0-301F-11D3-BF4B-00C04F79EFBC}") = "BugTrackerWebApp", "BugTrackerWebApp\BugTrackerWebApp.csproj", "{E9DAB4A8-7109-44A8-8AE6-317AFB2DBCF8}"
EndProject
Global
	GlobalSection(SolutionConfigurationPlatforms) = preSolution
		Debug|Any CPU = Debug|Any CPU
		Release|Any CPU = Release|Any CPU
	EndGlobalSection
	GlobalSection(ProjectConfigurationPlatforms) = postSolution
		{18DFC935-9DE5-4DF2-8BF7-FD0129D82D23}.Debug|Any CPU.ActiveCfg = Debug|Any CPU
		{18DFC935-9DE5-4DF2-8BF7-FD0129D82D23}.Debug|Any CPU.Build.0 = Debug|Any CPU
		{18DFC935-9DE5-4DF2-8BF7-FD0129D82D23}.Release|Any CPU.ActiveCfg = Release|Any CPU
		{18DFC935-9DE5-4DF2-8BF7-FD0129D82D23}.Release|Any CPU.Build.0 = Release|Any CPU
		{4BE078D8-56CC-46E8-A912-98D7774DB5BE}.Debug|Any CPU.ActiveCfg = Debug|Any CPU
		{4BE078D8-56CC-46E8-A912-98D7774DB5BE}.Debug|Any CPU.Build.0 = Debug|Any CPU
		{4BE078D8-56CC-46E8-A912-98D7774DB5BE}.Debug|Any CPU.Deploy.0 = Debug|Any CPU
		{4BE078D8-56CC-46E8-A912-98D7774DB5BE}.Release|Any CPU.ActiveCfg = Release|Any CPU
		{4BE078D8-56CC-46E8-A912-98D7774DB5BE}.Release|Any CPU.Build.0 = Release|Any CPU
		{4BE078D8-56CC-46E8-A912-98D7774DB5BE}.Release|Any CPU.Deploy.0 = Release|Any CPU
		{A7A36E91-C82E-4669-B7AF-CF8E945049B2}.Debug|Any CPU.ActiveCfg = Debug|Any CPU
		{A7A36E91-C82E-4669-B7AF-CF8E945049B2}.Debug|Any CPU.Build.0 = Debug|Any CPU
		{A7A36E91-C82E-4669-B7AF-CF8E945049B2}.Release|Any CPU.ActiveCfg = Release|Any CPU
		{A7A36E91-C82E-4669-B7AF-CF8E945049B2}.Release|Any CPU.Build.0 = Release|Any CPU
		{E9DAB4A8-7109-44A8-8AE6-317AFB2DBCF8}.Debug|Any CPU.ActiveCfg = Debug|Any CPU
		{E9DAB4A8-7109-44A8-8AE6-317AFB2DBCF8}.Debug|Any CPU.Build.0 = Debug|Any CPU
		{E9DAB4A8-7109-44A8-8AE6-317AFB2DBCF8}.Release|Any CPU.ActiveCfg = Release|Any CPU
		{E9DAB4A8-7109-44A8-8AE6-317AFB2DBCF8}.Release|Any CPU.Build.0 = Release|Any CPU
	EndGlobalSection
	GlobalSection(SolutionProperties) = preSolution
		HideSolutionNode = FALSE
	EndGlobalSection
	GlobalSection(ExtensibilityGlobals) = postSolution
		SolutionGuid = {C458D68F-73FB-4CB6-802C-7B6D5880B827}
	EndGlobalSection
EndGlobal
